
Microsoft Visual Studio Solution File, Format Version 12.00
# Visual Studio Version 17
VisualStudioVersion = 17.9.34728.123
MinimumVisualStudioVersion = 10.0.40219.1
Project("{FAE04EC0-301F-11D3-BF4B-00C04F79EFBC}") = "BulkOperations", "BulkOperations\BulkOperations.csproj", "{CC8D57F7-556F-488B-AB32-2D26D3A44ABF}"
EndProject
Global
	GlobalSection(SolutionConfigurationPlatforms) = preSolution
		Debug|Any CPU = Debug|Any CPU
		Release|Any CPU = Release|Any CPU
	EndGlobalSection
	GlobalSection(ProjectConfigurationPlatforms) = postSolution
		{CC8D57F7-556F-488B-AB32-2D26D3A44ABF}.Debug|Any CPU.ActiveCfg = Debug|Any CPU
		{CC8D57F7-556F-488B-AB32-2D26D3A44ABF}.Debug|Any CPU.Build.0 = Debug|Any CPU
		{CC8D57F7-556F-488B-AB32-2D26D3A44ABF}.Release|Any CPU.ActiveCfg = Release|Any CPU
		{CC8D57F7-556F-488B-AB32-2D26D3A44ABF}.Release|Any CPU.Build.0 = Release|Any CPU
	EndGlobalSection
	GlobalSection(SolutionProperties) = preSolution
		HideSolutionNode = FALSE
	EndGlobalSection
	GlobalSection(ExtensibilityGlobals) = postSolution
		SolutionGuid = {0F4015E3-2B7F-4B42-A515-3B55C1CE6AB0}
	EndGlobalSection
EndGlobal
